
Microsoft Visual Studio Solution File, Format Version 10.00
# Visual C++ Express 2008
Project("{8BC9CEB8-8B4A-11D0-8D11-00A0C91BC942}") = "picStep", "picStep.vcproj", "{66A0F15A-ADB0-4D49-A712-31B709D07ACC}"
EndProject
Global
	GlobalSection(SolutionConfigurationPlatforms) = preSolution
		Debug|Win32 = Debug|Win32
		Release|Win32 = Release|Win32
	EndGlobalSection
	GlobalSection(ProjectConfigurationPlatforms) = postSolution
		{66A0F15A-ADB0-4D49-A712-31B709D07ACC}.Debug|Win32.ActiveCfg = Debug|Win32
		{66A0F15A-ADB0-4D49-A712-31B709D07ACC}.Debug|Win32.Build.0 = Debug|Win32
		{66A0F15A-ADB0-4D49-A712-31B709D07ACC}.Release|Win32.ActiveCfg = Release|Win32
		{66A0F15A-ADB0-4D49-A712-31B709D07ACC}.Release|Win32.Build.0 = Release|Win32
	EndGlobalSection
	GlobalSection(SolutionProperties) = preSolution
		HideSolutionNode = FALSE
	EndGlobalSection
EndGlobal
