<?xml version="1.0" encoding="utf-8"?>
<Project ToolsVersion="4.0" xmlns="http://schemas.microsoft.com/developer/msbuild/2003">
  <ItemGroup>
    <Filter Include="Source Files">
      <UniqueIdentifier>{4FC737F1-C7A5-4376-A066-2A32D752A2FF}</UniqueIdentifier>
      <Extensions>cpp;c;cc;cxx;def;odl;idl;hpj;bat;asm;asmx</Extensions>
    </Filter>
    <Filter Include="Source Files\xml">
      <UniqueIdentifier>{cacd2e98-4018-4801-baef-d37193c941f0}</UniqueIdentifier>
    </Filter>
    <Filter Include="Header Files">
      <UniqueIdentifier>{93995380-89BD-4b04-88EB-625FBE52EBFB}</UniqueIdentifier>
      <Extensions>h;hpp;hxx;hm;inl;inc;xsd</Extensions>
    </Filter>
    <Filter Include="Header Files\xml">
      <UniqueIdentifier>{58dc4d08-9d3b-49fa-9f17-cab49af570d5}</UniqueIdentifier>
    </Filter>
    <Filter Include="Resource Files">
      <UniqueIdentifier>{67DA6AB6-F800-4c08-8B7A-83BB121AAD01}</UniqueIdentifier>
      <Extensions>rc;ico;cur;bmp;dlg;rc2;rct;bin;rgs;gif;jpg;jpeg;jpe;resx;tiff;tif;png;wav</Extensions>
    </Filter>
    <Filter Include="Resource Files\dtd">
      <UniqueIdentifier>{685be68d-f78a-4be6-aac6-cd5969bf5385}</UniqueIdentifier>
    </Filter>
  </ItemGroup>
  <ItemGroup>
    <ClCompile Include="..\src\Attribute.cpp">
      <Filter>Source Files</Filter>
    </ClCompile>
    <ClCompile Include="..\src\Clock.cpp">
      <Filter>Source Files</Filter>
    </ClCompile>
    <ClCompile Include="..\src\CommandLine_i.cpp">
      <Filter>Source Files</Filter>
    </ClCompile>
    <ClCompile Include="..\src\ConfigFile.cpp">
      <Filter>Source Files</Filter>
    </ClCompile>
    <ClCompile Include="..\src\COSBindingNode.cpp">
      <Filter>Source Files</Filter>
    </ClCompile>
    <ClCompile Include="..\src\DataLogger_i.cpp">
      <Filter>Source Files</Filter>
    </ClCompile>
    <ClCompile Include="..\src\DataMeasurement.cpp">
      <Filter>Source Files</Filter>
    </ClCompile>
    <ClCompile Include="..\src\DataTransfer_i.cpp">
      <Filter>Source Files</Filter>
    </ClCompile>
    <ClCompile Include="..\src\device.cpp">
      <Filter>Source Files</Filter>
    </ClCompile>
    <ClCompile Include="..\src\DeviceBootstrap_i.cpp">
      <Filter>Source Files</Filter>
    </ClCompile>
    <ClCompile Include="..\src\DeviceConfigure_i.cpp">
      <Filter>Source Files</Filter>
    </ClCompile>
    <ClCompile Include="..\src\DeviceEventPusher.cpp">
      <Filter>Source Files</Filter>
    </ClCompile>
    <ClCompile Include="..\src\DeviceTimingSeqControl_i.cpp">
      <Filter>Source Files</Filter>
    </ClCompile>
    <ClCompile Include="..\src\DynamicValue.cpp">
      <Filter>Source Files</Filter>
    </ClCompile>
    <ClCompile Include="..\src\DynamicValueLink_i.cpp">
      <Filter>Source Files</Filter>
    </ClCompile>
    <ClCompile Include="..\src\EtraxBus.cpp">
      <Filter>Source Files</Filter>
    </ClCompile>
    <ClCompile Include="..\src\EventConflictException.cpp">
      <Filter>Source Files</Filter>
    </ClCompile>
    <ClCompile Include="..\src\EventParsingException.cpp">
      <Filter>Source Files</Filter>
    </ClCompile>
    <ClCompile Include="..\src\FPGA_Device.cpp">
      <Filter>Source Files</Filter>
    </ClCompile>
    <ClCompile Include="..\src\FPGA_RAM_Block.cpp">
      <Filter>Source Files</Filter>
    </ClCompile>
    <ClCompile Include="..\src\GPIB_Device.cpp">
      <Filter>Source Files</Filter>
    </ClCompile>
    <ClCompile Include="..\src\gpibAttribute.cpp">
      <Filter>Source Files</Filter>
    </ClCompile>
    <ClCompile Include="..\src\LoggedMeasurement.cpp">
      <Filter>Source Files</Filter>
    </ClCompile>
    <ClCompile Include="..\src\MixedData.cpp">
      <Filter>Source Files</Filter>
    </ClCompile>
    <ClCompile Include="..\src\MixedValue.cpp">
      <Filter>Source Files</Filter>
    </ClCompile>
    <ClCompile Include="..\src\NetworkFileSource.cpp">
      <Filter>Source Files</Filter>
    </ClCompile>
    <ClCompile Include="..\src\ORBManager.cpp">
      <Filter>Source Files</Filter>
    </ClCompile>
    <ClCompile Include="..\src\orbTypes.cpp">
      <Filter>Source Files</Filter>
    </ClCompile>
    <ClCompile Include="..\src\PartnerDevice.cpp">
      <Filter>Source Files</Filter>
    </ClCompile>
    <ClCompile Include="..\src\pusher.cpp">
      <Filter>Source Files</Filter>
    </ClCompile>
    <ClCompile Include="..\src\RawEvent.cpp">
      <Filter>Source Files</Filter>
    </ClCompile>
    <ClCompile Include="..\src\STI_Application.cpp">
      <Filter>Source Files</Filter>
    </ClCompile>
    <ClCompile Include="..\src\STI_Device.cpp">
      <Filter>Source Files</Filter>
    </ClCompile>
    <ClCompile Include="..\src\TaggedConfigFile.cpp">
      <Filter>Source Files</Filter>
    </ClCompile>
    <ClCompile Include="..\src\TNetworkFile_i.cpp">
      <Filter>Source Files</Filter>
    </ClCompile>
    <ClCompile Include="..\src\TNetworkFileReader.cpp">
      <Filter>Source Files</Filter>
    </ClCompile>
    <ClCompile Include="..\src\utils.cpp">
      <Filter>Source Files</Filter>
    </ClCompile>
    <ClCompile Include="..\src\DOMNodeWrapper.cpp">
      <Filter>Source Files\xml</Filter>
    </ClCompile>
    <ClCompile Include="..\src\DOMPrintErrorHandler.cpp">
      <Filter>Source Files\xml</Filter>
    </ClCompile>
    <ClCompile Include="..\src\DOMTreeErrorReporter.cpp">
      <Filter>Source Files\xml</Filter>
    </ClCompile>
    <ClCompile Include="..\src\XmlManager.cpp">
      <Filter>Source Files\xml</Filter>
    </ClCompile>
    <ClCompile Include="..\src\xstring.cpp">
      <Filter>Source Files\xml</Filter>
    </ClCompile>
  </ItemGroup>
  <ItemGroup>
    <ClInclude Include="..\include\Attribute.h">
      <Filter>Header Files</Filter>
    </ClInclude>
    <ClInclude Include="..\include\Clock.h">
      <Filter>Header Files</Filter>
    </ClInclude>
    <ClInclude Include="..\include\CommandLine_i.h">
      <Filter>Header Files</Filter>
    </ClInclude>
    <ClInclude Include="..\include\ConfigFile.h">
      <Filter>Header Files</Filter>
    </ClInclude>
    <ClInclude Include="..\include\COSBindingNode.h">
      <Filter>Header Files</Filter>
    </ClInclude>
    <ClInclude Include="..\include\DataLogger_i.h">
      <Filter>Header Files</Filter>
    </ClInclude>
    <ClInclude Include="..\include\DataMeasurement.h">
      <Filter>Header Files</Filter>
    </ClInclude>
    <ClInclude Include="..\include\DataTransfer_i.h">
      <Filter>Header Files</Filter>
    </ClInclude>
    <ClInclude Include="..\include\device.h">
      <Filter>Header Files</Filter>
    </ClInclude>
    <ClInclude Include="..\include\DeviceBootstrap_i.h">
      <Filter>Header Files</Filter>
    </ClInclude>
    <ClInclude Include="..\include\DeviceConfigure_i.h">
      <Filter>Header Files</Filter>
    </ClInclude>
    <ClInclude Include="..\include\DeviceEvent.h">
      <Filter>Header Files</Filter>
    </ClInclude>
    <ClInclude Include="..\include\DeviceEventPusher.h">
      <Filter>Header Files</Filter>
    </ClInclude>
    <ClInclude Include="..\include\DeviceTimingSeqControl_i.h">
      <Filter>Header Files</Filter>
    </ClInclude>
    <ClInclude Include="..\include\DynamicValue.h">
      <Filter>Header Files</Filter>
    </ClInclude>
    <ClInclude Include="..\include\DynamicValueLink_i.h">
      <Filter>Header Files</Filter>
    </ClInclude>
    <ClInclude Include="..\include\DynamicValueListener.h">
      <Filter>Header Files</Filter>
    </ClInclude>
    <ClInclude Include="..\include\EtraxBus.h">
      <Filter>Header Files</Filter>
    </ClInclude>
    <ClInclude Include="..\include\EventConflictException.h">
      <Filter>Header Files</Filter>
    </ClInclude>
    <ClInclude Include="..\include\EventParsingException.h">
      <Filter>Header Files</Filter>
    </ClInclude>
    <ClInclude Include="..\include\FPGA_Device.h">
      <Filter>Header Files</Filter>
    </ClInclude>
    <ClInclude Include="..\include\FPGA_RAM_Block.h">
      <Filter>Header Files</Filter>
    </ClInclude>
    <ClInclude Include="..\include\GPIB_Device.h">
      <Filter>Header Files</Filter>
    </ClInclude>
    <ClInclude Include="..\include\gpibAttribute.h">
      <Filter>Header Files</Filter>
    </ClInclude>
    <ClInclude Include="..\include\LoggedMeasurement.h">
      <Filter>Header Files</Filter>
    </ClInclude>
    <ClInclude Include="..\include\MeasurementCallback.h">
      <Filter>Header Files</Filter>
    </ClInclude>
    <ClInclude Include="..\include\MixedData.h">
      <Filter>Header Files</Filter>
    </ClInclude>
    <ClInclude Include="..\include\MixedValue.h">
      <Filter>Header Files</Filter>
    </ClInclude>
    <ClInclude Include="..\include\NetworkDynamicValue.h">
      <Filter>Header Files</Filter>
    </ClInclude>
    <ClInclude Include="..\include\NetworkFileRetriever.h">
      <Filter>Header Files</Filter>
    </ClInclude>
    <ClInclude Include="..\include\NetworkFileSource.h">
      <Filter>Header Files</Filter>
    </ClInclude>
    <ClInclude Include="..\include\ORBManager.h">
      <Filter>Header Files</Filter>
    </ClInclude>
    <ClInclude Include="..\include\orbTypes.h">
      <Filter>Header Files</Filter>
    </ClInclude>
    <ClInclude Include="..\include\PartnerDevice.h">
      <Filter>Header Files</Filter>
    </ClInclude>
    <ClInclude Include="..\include\pusher.h">
      <Filter>Header Files</Filter>
    </ClInclude>
    <ClInclude Include="..\include\RawEvent.h">
      <Filter>Header Files</Filter>
    </ClInclude>
    <ClInclude Include="..\include\STI_Application.h">
      <Filter>Header Files</Filter>
    </ClInclude>
    <ClInclude Include="..\include\STI_ApplicationAdapter.h">
      <Filter>Header Files</Filter>
    </ClInclude>
    <ClInclude Include="..\include\STI_Device.h">
      <Filter>Header Files</Filter>
    </ClInclude>
    <ClInclude Include="..\include\STI_Device_Adapter.h">
      <Filter>Header Files</Filter>
    </ClInclude>
    <ClInclude Include="..\include\STI_Exception.h">
      <Filter>Header Files</Filter>
    </ClInclude>
    <ClInclude Include="..\include\TaggedConfigFile.h">
      <Filter>Header Files</Filter>
    </ClInclude>
    <ClInclude Include="..\include\TMeasurementCallback_i.h">
      <Filter>Header Files</Filter>
    </ClInclude>
    <ClInclude Include="..\include\TNetworkFile_i.h">
      <Filter>Header Files</Filter>
    </ClInclude>
    <ClInclude Include="..\include\types.h">
      <Filter>Header Files</Filter>
    </ClInclude>
    <ClInclude Include="..\include\utils.h">
      <Filter>Header Files</Filter>
    </ClInclude>
    <ClInclude Include="..\include\DOMNodeWrapper.h">
      <Filter>Header Files\xml</Filter>
    </ClInclude>
    <ClInclude Include="..\include\DOMPrintErrorHandler.hpp">
      <Filter>Header Files\xml</Filter>
    </ClInclude>
    <ClInclude Include="..\include\DOMTreeErrorReporter.hpp">
      <Filter>Header Files\xml</Filter>
    </ClInclude>
    <ClInclude Include="..\include\XmlManager.h">
      <Filter>Header Files\xml</Filter>
    </ClInclude>
    <ClInclude Include="..\include\xstring.h">
      <Filter>Header Files\xml</Filter>
    </ClInclude>
  </ItemGroup>
  <ItemGroup>
    <None Include="..\include\devicelogfile.dtd">
      <Filter>Resource Files\dtd</Filter>
    </None>
  </ItemGroup>
  <ItemGroup>
    <Text Include="ReadMe.txt" />
  </ItemGroup>
  <ItemGroup>
    <CustomBuild Include="..\include\deviceVersion.h">
      <Filter>Header Files</Filter>
    </CustomBuild>
    <CustomBuild Include="..\..\idl\device.idl">
      <Filter>Resource Files</Filter>
    </CustomBuild>
    <CustomBuild Include="..\..\idl\orbTypes.idl">
      <Filter>Resource Files</Filter>
    </CustomBuild>
    <CustomBuild Include="..\..\idl\pusher.idl">
      <Filter>Resource Files</Filter>
    </CustomBuild>
  </ItemGroup>
</Project>