
Microsoft Visual Studio Solution File, Format Version 10.00
# Visual C++ Express 2008
Project("{8BC9CEB8-8B4A-11D0-8D11-00A0C91BC942}") = "RbScanner", "RbScanner.vcproj", "{881316A9-D0FF-4DAA-80C4-5CC53561ECE6}"
EndProject
Global
	GlobalSection(SolutionConfigurationPlatforms) = preSolution
		Debug|Win32 = Debug|Win32
		Release|Win32 = Release|Win32
	EndGlobalSection
	GlobalSection(ProjectConfigurationPlatforms) = postSolution
		{881316A9-D0FF-4DAA-80C4-5CC53561ECE6}.Debug|Win32.ActiveCfg = Debug|Win32
		{881316A9-D0FF-4DAA-80C4-5CC53561ECE6}.Debug|Win32.Build.0 = Debug|Win32
		{881316A9-D0FF-4DAA-80C4-5CC53561ECE6}.Release|Win32.ActiveCfg = Release|Win32
		{881316A9-D0FF-4DAA-80C4-5CC53561ECE6}.Release|Win32.Build.0 = Release|Win32
	EndGlobalSection
	GlobalSection(SolutionProperties) = preSolution
		HideSolutionNode = FALSE
	EndGlobalSection
EndGlobal
