<?xml version="1.0" encoding="utf-8"?>
<Project ToolsVersion="4.0" xmlns="http://schemas.microsoft.com/developer/msbuild/2003">
  <ItemGroup>
    <Filter Include="Source Files">
      <UniqueIdentifier>{e742de43-8eef-49d9-ac41-5403205fe9d0}</UniqueIdentifier>
      <Extensions>cpp;c;cxx;rc;def;r;odl;idl;hpj;bat</Extensions>
    </Filter>
    <Filter Include="Header Files">
      <UniqueIdentifier>{eeaf6e30-902a-4fd0-953c-66d9398eaf60}</UniqueIdentifier>
      <Extensions>h;hpp;hxx;hm;inl</Extensions>
    </Filter>
    <Filter Include="Header Files\Resource Files">
      <UniqueIdentifier>{8af1dd46-6420-4e2b-a992-23d4a021c5c7}</UniqueIdentifier>
      <Extensions>ico;cur;bmp;dlg;rc2;rct;bin;rgs;gif;jpg;jpeg;jpe</Extensions>
    </Filter>
  </ItemGroup>
  <ItemGroup>
    <ClCompile Include="..\VCO\ADF4360\src\ADF4360.cpp">
      <Filter>Source Files</Filter>
    </ClCompile>
    <ClCompile Include="..\VCO\ADF4360\src\ADF4360_Device.cpp">
      <Filter>Source Files</Filter>
    </ClCompile>
    <ClCompile Include="..\VCO\ADF4360\src\SerialData.cpp">
      <Filter>Source Files</Filter>
    </ClCompile>
    <ClCompile Include="..\VCO\ADF4360\src\VCO_Devices.cpp">
      <Filter>Source Files</Filter>
    </ClCompile>
  </ItemGroup>
  <ItemGroup>
    <ClInclude Include="..\VCO\ADF4360\src\ADF4360.h">
      <Filter>Header Files</Filter>
    </ClInclude>
    <ClInclude Include="..\VCO\ADF4360\src\ADF4360_Device.h">
      <Filter>Header Files</Filter>
    </ClInclude>
    <ClInclude Include="..\VCO\ADF4360\src\SerialData.h">
      <Filter>Header Files</Filter>
    </ClInclude>
  </ItemGroup>
</Project>