<?xml version="1.0" encoding="utf-8"?>
<Project ToolsVersion="4.0" xmlns="http://schemas.microsoft.com/developer/msbuild/2003">
  <ItemGroup>
    <Filter Include="Source Files">
      <UniqueIdentifier>{b0e57605-1a90-4a99-907f-25707d0f95fa}</UniqueIdentifier>
      <Extensions>cpp;c;cxx;rc;def;r;odl;idl;hpj;bat</Extensions>
    </Filter>
    <Filter Include="Header Files">
      <UniqueIdentifier>{7e70a01f-ed78-4d7b-91f3-75a63b92a54c}</UniqueIdentifier>
      <Extensions>h;hpp;hxx;hm;inl</Extensions>
    </Filter>
    <Filter Include="Resource Files">
      <UniqueIdentifier>{7fc8d268-fcec-4085-8e2d-65f8ac2fdc77}</UniqueIdentifier>
      <Extensions>ico;cur;bmp;dlg;rc2;rct;bin;rgs;gif;jpg;jpeg;jpe</Extensions>
    </Filter>
  </ItemGroup>
  <ItemGroup>
    <ClCompile Include="..\CsLock\src\CsLock.cpp">
      <Filter>Source Files</Filter>
    </ClCompile>
    <ClCompile Include="..\CsLock\src\lock_main.cpp">
      <Filter>Source Files</Filter>
    </ClCompile>
    <ClCompile Include="..\CsLock\src\lockDevice.cpp">
      <Filter>Source Files</Filter>
    </ClCompile>
    <ClCompile Include="..\CsLock\src\SerialData.cpp">
      <Filter>Source Files</Filter>
    </ClCompile>
    <ClCompile Include="..\CsLock\src\SerialDevice.cpp">
      <Filter>Source Files</Filter>
    </ClCompile>
  </ItemGroup>
  <ItemGroup>
    <ClInclude Include="..\CsLock\src\CsLock.h">
      <Filter>Header Files</Filter>
    </ClInclude>
    <ClInclude Include="..\CsLock\src\lockDevice.h">
      <Filter>Header Files</Filter>
    </ClInclude>
    <ClInclude Include="..\CsLock\src\SerialData.h">
      <Filter>Header Files</Filter>
    </ClInclude>
    <ClInclude Include="..\CsLock\src\SerialDevice.h">
      <Filter>Header Files</Filter>
    </ClInclude>
  </ItemGroup>
  <ItemGroup>
    <Text Include="ReadMe.txt" />
  </ItemGroup>
</Project>