<?xml version="1.0" encoding="utf-8"?>
<Project ToolsVersion="4.0" xmlns="http://schemas.microsoft.com/developer/msbuild/2003">
  <ItemGroup>
    <ClCompile Include="..\PcoSensicam\src\camlib.cpp">
      <Filter>Source Files</Filter>
    </ClCompile>
    <ClCompile Include="..\PcoSensicam\src\PcoSensicamMain.cpp">
      <Filter>Source Files</Filter>
    </ClCompile>
    <ClCompile Include="..\PcoSensicam\src\PCO_SencamSDK.cpp">
      <Filter>Source Files</Filter>
    </ClCompile>
    <ClCompile Include="..\PcoSensicam\src\PcoSensicamDevice.cpp">
      <Filter>Source Files</Filter>
    </ClCompile>
    <ClCompile Include="..\PcoSensicam\src\CameraAbs.cpp">
      <Filter>Source Files</Filter>
    </ClCompile>
  </ItemGroup>
  <ItemGroup>
    <ClInclude Include="..\PcoSensicam\src\PCO_SencamSDK.h">
      <Filter>Header Files</Filter>
    </ClInclude>
    <ClInclude Include="..\PcoSensicam\src\PcoSensicamDevice.hpp">
      <Filter>Header Files</Filter>
    </ClInclude>
    <ClInclude Include="..\PcoSensicam\src\stdafx.h">
      <Filter>Header Files</Filter>
    </ClInclude>
    <ClInclude Include="..\PcoSensicam\src\load.h">
      <Filter>Header Files</Filter>
    </ClInclude>
    <ClInclude Include="..\PcoSensicam\src\camlib.h">
      <Filter>Header Files</Filter>
    </ClInclude>
    <ClInclude Include="..\PcoSensicam\src\CameraAbs.hpp">
      <Filter>Header Files</Filter>
    </ClInclude>
  </ItemGroup>
  <ItemGroup>
    <Filter Include="Header Files">
      <UniqueIdentifier>{805c2585-d500-45d4-ad4c-81c0d91091af}</UniqueIdentifier>
    </Filter>
    <Filter Include="Source Files">
      <UniqueIdentifier>{b63e58eb-f6ff-43d3-bde9-eae04cff30c8}</UniqueIdentifier>
    </Filter>
  </ItemGroup>
</Project>