<?xml version="1.0" encoding="utf-8"?>
<Project ToolsVersion="4.0" xmlns="http://schemas.microsoft.com/developer/msbuild/2003">
  <ItemGroup>
    <Filter Include="Source Files">
      <UniqueIdentifier>{76ec3fcd-4372-4622-9941-cf11f0c3ebcf}</UniqueIdentifier>
      <Extensions>cpp;c;cxx;rc;def;r;odl;idl;hpj;bat</Extensions>
    </Filter>
    <Filter Include="Source Files\python source">
      <UniqueIdentifier>{f753a4d9-8e48-402d-80a5-b4e6ec9756c3}</UniqueIdentifier>
    </Filter>
    <Filter Include="Source Files\corba source">
      <UniqueIdentifier>{075ca5de-4975-4090-9fa9-761183ff0b3e}</UniqueIdentifier>
    </Filter>
    <Filter Include="Source Files\xml source">
      <UniqueIdentifier>{86f2cc25-e2a6-477e-96b1-a35b709f2f23}</UniqueIdentifier>
    </Filter>
    <Filter Include="Source Files\pusher source">
      <UniqueIdentifier>{ca505c51-5d97-48d3-93c5-a7862adee1ad}</UniqueIdentifier>
    </Filter>
    <Filter Include="Header Files">
      <UniqueIdentifier>{9f42fae8-ee83-4978-beef-bcec1dafa608}</UniqueIdentifier>
      <Extensions>h;hpp;hxx;hm;inl</Extensions>
    </Filter>
    <Filter Include="Header Files\python headers">
      <UniqueIdentifier>{9ad8fe87-ae91-4844-a06d-1b3caa0339c3}</UniqueIdentifier>
    </Filter>
    <Filter Include="Header Files\corba headers">
      <UniqueIdentifier>{e59bd26a-fe60-47a9-93f8-876c58b8b9d3}</UniqueIdentifier>
    </Filter>
    <Filter Include="Header Files\xml headers">
      <UniqueIdentifier>{139f5a50-e8c9-4344-8477-ab7a0448fc39}</UniqueIdentifier>
    </Filter>
    <Filter Include="Header Files\pusher headers">
      <UniqueIdentifier>{e7a33bd9-6cfb-40ec-bac4-3aca445a04b6}</UniqueIdentifier>
    </Filter>
    <Filter Include="Resource Files">
      <UniqueIdentifier>{bcabc521-e936-4a86-b978-3a9569b29dcb}</UniqueIdentifier>
      <Extensions>ico;cur;bmp;dlg;rc2;rct;bin;rgs;gif;jpg;jpeg;jpe</Extensions>
    </Filter>
    <Filter Include="Resource Files\dtd">
      <UniqueIdentifier>{858fa147-e404-4cb5-b8e7-4b5a8bcc3726}</UniqueIdentifier>
    </Filter>
  </ItemGroup>
  <ItemGroup>
    <ClCompile Include="..\src\autoserver.cpp">
      <Filter>Source Files</Filter>
    </ClCompile>
    <ClCompile Include="..\src\python\antikbdint.cpp">
      <Filter>Source Files\python source</Filter>
    </ClCompile>
    <ClCompile Include="..\src\python\chobject.cpp">
      <Filter>Source Files\python source</Filter>
    </ClCompile>
    <ClCompile Include="..\src\python\devobject.cpp">
      <Filter>Source Files\python source</Filter>
    </ClCompile>
    <ClCompile Include="..\src\python\listenerobject.cpp">
      <Filter>Source Files\python source</Filter>
    </ClCompile>
    <ClCompile Include="..\src\python\parsedchannel.cpp">
      <Filter>Source Files\python source</Filter>
    </ClCompile>
    <ClCompile Include="..\src\python\parsedevent.cpp">
      <Filter>Source Files\python source</Filter>
    </ClCompile>
    <ClCompile Include="..\src\python\parsedpos.cpp">
      <Filter>Source Files\python source</Filter>
    </ClCompile>
    <ClCompile Include="..\src\python\ParsedTag.cpp">
      <Filter>Source Files\python source</Filter>
    </ClCompile>
    <ClCompile Include="..\src\python\ParsedValue.cpp">
      <Filter>Source Files\python source</Filter>
    </ClCompile>
    <ClCompile Include="..\src\python\parsedvar.cpp">
      <Filter>Source Files\python source</Filter>
    </ClCompile>
    <ClCompile Include="..\src\python\parser.cpp">
      <Filter>Source Files\python source</Filter>
    </ClCompile>
    <ClCompile Include="..\src\python\timing.cpp">
      <Filter>Source Files\python source</Filter>
    </ClCompile>
    <ClCompile Include="..\src\python\utils.cpp">
      <Filter>Source Files\python source</Filter>
    </ClCompile>
    <ClCompile Include="..\src\corba\client.cpp">
      <Filter>Source Files\corba source</Filter>
    </ClCompile>
    <ClCompile Include="..\src\corba\ClientBootstrap_i.cpp">
      <Filter>Source Files\corba source</Filter>
    </ClCompile>
    <ClCompile Include="..\src\corba\CompositeEvent.cpp">
      <Filter>Source Files\corba source</Filter>
    </ClCompile>
    <ClCompile Include="..\src\corba\device.cpp">
      <Filter>Source Files\corba source</Filter>
    </ClCompile>
    <ClCompile Include="..\src\corba\DocumentationSettings_i.cpp">
      <Filter>Source Files\corba source</Filter>
    </ClCompile>
    <ClCompile Include="..\src\corba\ExpSequence_i.cpp">
      <Filter>Source Files\corba source</Filter>
    </ClCompile>
    <ClCompile Include="..\src\corba\ModeHandler_i.cpp">
      <Filter>Source Files\corba source</Filter>
    </ClCompile>
    <ClCompile Include="..\src\corba\Parser_i.cpp">
      <Filter>Source Files\corba source</Filter>
    </ClCompile>
    <ClCompile Include="..\src\corba\RegisteredDevices_i.cpp">
      <Filter>Source Files\corba source</Filter>
    </ClCompile>
    <ClCompile Include="..\src\corba\RemoteDevice.cpp">
      <Filter>Source Files\corba source</Filter>
    </ClCompile>
    <ClCompile Include="..\src\corba\ServerCommandLine_i.cpp">
      <Filter>Source Files\corba source</Filter>
    </ClCompile>
    <ClCompile Include="..\src\corba\ServerConfigure_i.cpp">
      <Filter>Source Files\corba source</Filter>
    </ClCompile>
    <ClCompile Include="..\src\corba\ServerTimingSeqControl_i.cpp">
      <Filter>Source Files\corba source</Filter>
    </ClCompile>
    <ClCompile Include="..\src\corba\STI_Server.cpp">
      <Filter>Source Files\corba source</Filter>
    </ClCompile>
    <ClCompile Include="..\src\xml\ExperimentDocumenter.cpp">
      <Filter>Source Files\xml source</Filter>
    </ClCompile>
    <ClCompile Include="..\src\xml\SequenceDocumenter.cpp">
      <Filter>Source Files\xml source</Filter>
    </ClCompile>
    <ClCompile Include="..\..\pusher\src\ClientUpdater.cpp">
      <Filter>Source Files\pusher source</Filter>
    </ClCompile>
    <ClCompile Include="..\..\pusher\src\DeviceEventHandler_i.cpp">
      <Filter>Source Files\pusher source</Filter>
    </ClCompile>
    <ClCompile Include="..\..\pusher\src\pusher.cpp">
      <Filter>Source Files\pusher source</Filter>
    </ClCompile>
    <ClCompile Include="..\..\pusher\src\ServerCallback_i.cpp">
      <Filter>Source Files\pusher source</Filter>
    </ClCompile>
    <ClCompile Include="..\..\pusher\src\ServerEventPusher_i.cpp">
      <Filter>Source Files\pusher source</Filter>
    </ClCompile>
    <ClCompile Include="..\..\pusher\src\pusher.h">
      <Filter>Header Files\pusher headers</Filter>
    </ClCompile>
  </ItemGroup>
  <ItemGroup>
    <ClInclude Include="..\src\corba\ServerVersion.h">
      <Filter>Header Files</Filter>
    </ClInclude>
    <ClInclude Include="..\src\python\antikbdint.h">
      <Filter>Header Files\python headers</Filter>
    </ClInclude>
    <ClInclude Include="..\src\python\chobject.h">
      <Filter>Header Files\python headers</Filter>
    </ClInclude>
    <ClInclude Include="..\src\python\devobject.h">
      <Filter>Header Files\python headers</Filter>
    </ClInclude>
    <ClInclude Include="..\src\python\listenerobject.h">
      <Filter>Header Files\python headers</Filter>
    </ClInclude>
    <ClInclude Include="..\src\python\parsedchannel.h">
      <Filter>Header Files\python headers</Filter>
    </ClInclude>
    <ClInclude Include="..\src\python\parsedevent.h">
      <Filter>Header Files\python headers</Filter>
    </ClInclude>
    <ClInclude Include="..\src\python\parsedpos.h">
      <Filter>Header Files\python headers</Filter>
    </ClInclude>
    <ClInclude Include="..\src\python\ParsedTag.h">
      <Filter>Header Files\python headers</Filter>
    </ClInclude>
    <ClInclude Include="..\src\python\ParsedValue.h">
      <Filter>Header Files\python headers</Filter>
    </ClInclude>
    <ClInclude Include="..\src\python\parsedvar.h">
      <Filter>Header Files\python headers</Filter>
    </ClInclude>
    <ClInclude Include="..\src\python\parser.h">
      <Filter>Header Files\python headers</Filter>
    </ClInclude>
    <ClInclude Include="..\src\python\timing.h">
      <Filter>Header Files\python headers</Filter>
    </ClInclude>
    <ClInclude Include="..\src\python\utils.h">
      <Filter>Header Files\python headers</Filter>
    </ClInclude>
    <ClInclude Include="..\src\corba\client.h">
      <Filter>Header Files\corba headers</Filter>
    </ClInclude>
    <ClInclude Include="..\src\corba\ClientBootstrap_i.h">
      <Filter>Header Files\corba headers</Filter>
    </ClInclude>
    <ClInclude Include="..\src\corba\CompositeEvent.h">
      <Filter>Header Files\corba headers</Filter>
    </ClInclude>
    <ClInclude Include="..\src\corba\DocumentationSettings_i.h">
      <Filter>Header Files\corba headers</Filter>
    </ClInclude>
    <ClInclude Include="..\src\corba\ExpSequence_i.h">
      <Filter>Header Files\corba headers</Filter>
    </ClInclude>
    <ClInclude Include="..\src\corba\ModeHandler_i.h">
      <Filter>Header Files\corba headers</Filter>
    </ClInclude>
    <ClInclude Include="..\src\corba\Parser_i.h">
      <Filter>Header Files\corba headers</Filter>
    </ClInclude>
    <ClInclude Include="..\src\corba\RegisteredDevices_i.h">
      <Filter>Header Files\corba headers</Filter>
    </ClInclude>
    <ClInclude Include="..\src\corba\RemoteDevice.h">
      <Filter>Header Files\corba headers</Filter>
    </ClInclude>
    <ClInclude Include="..\src\corba\ServerCommandLine_i.h">
      <Filter>Header Files\corba headers</Filter>
    </ClInclude>
    <ClInclude Include="..\src\corba\ServerConfigure_i.h">
      <Filter>Header Files\corba headers</Filter>
    </ClInclude>
    <ClInclude Include="..\src\corba\ServerTimingSeqControl_i.h">
      <Filter>Header Files\corba headers</Filter>
    </ClInclude>
    <ClInclude Include="..\src\corba\STI_Server.h">
      <Filter>Header Files\corba headers</Filter>
    </ClInclude>
    <ClInclude Include="..\src\xml\ExperimentDocumenter.h">
      <Filter>Header Files\xml headers</Filter>
    </ClInclude>
    <ClInclude Include="..\src\xml\SequenceDocumenter.h">
      <Filter>Header Files\xml headers</Filter>
    </ClInclude>
    <ClInclude Include="..\..\pusher\src\ClientUpdater.h">
      <Filter>Header Files\pusher headers</Filter>
    </ClInclude>
    <ClInclude Include="..\..\pusher\src\DeviceEventHandler_i.h">
      <Filter>Header Files\pusher headers</Filter>
    </ClInclude>
    <ClInclude Include="..\..\pusher\src\ServerCallback_i.h">
      <Filter>Header Files\pusher headers</Filter>
    </ClInclude>
    <ClInclude Include="..\..\pusher\src\ServerEvent.h">
      <Filter>Header Files\pusher headers</Filter>
    </ClInclude>
    <ClInclude Include="..\..\pusher\src\ServerEventPusher_i.h">
      <Filter>Header Files\pusher headers</Filter>
    </ClInclude>
  </ItemGroup>
  <ItemGroup>
    <None Include="..\src\xml\dtd\data.dtd">
      <Filter>Resource Files\dtd</Filter>
    </None>
    <None Include="..\src\xml\dtd\experiment.dtd">
      <Filter>Resource Files\dtd</Filter>
    </None>
    <None Include="..\src\xml\dtd\ranges.dtd">
      <Filter>Resource Files\dtd</Filter>
    </None>
    <None Include="..\src\xml\dtd\series.dtd">
      <Filter>Resource Files\dtd</Filter>
    </None>
  </ItemGroup>
  <ItemGroup>
    <Text Include="ReadMe.txt" />
  </ItemGroup>
  <ItemGroup>
    <CustomBuild Include="..\src\corba\device.h">
      <Filter>Header Files\corba headers</Filter>
    </CustomBuild>
    <CustomBuild Include="..\..\idl\client.idl">
      <Filter>Resource Files</Filter>
    </CustomBuild>
    <CustomBuild Include="..\..\idl\device.idl">
      <Filter>Resource Files</Filter>
    </CustomBuild>
    <CustomBuild Include="..\..\idl\orbTypes.idl">
      <Filter>Resource Files</Filter>
    </CustomBuild>
    <CustomBuild Include="..\..\idl\pusher.idl">
      <Filter>Resource Files</Filter>
    </CustomBuild>
  </ItemGroup>
</Project>